
Microsoft Visual Studio Solution File, Format Version 12.00
# Visual Studio Version 16
VisualStudioVersion = 16.0.28803.352
MinimumVisualStudioVersion = 10.0.40219.1
Project("{9A19103F-16F7-4668-BE54-9A1E7A4F7556}") = "Llama.Syntax", "Llama.syntax\Llama.Syntax.csproj", "{BA07622B-82B3-4050-AF3B-EF852190EDE8}"
EndProject
Project("{9A19103F-16F7-4668-BE54-9A1E7A4F7556}") = "test", "test\test.csproj", "{33C77A4F-820A-4851-9910-41A7DD97169B}"
EndProject
Project("{9A19103F-16F7-4668-BE54-9A1E7A4F7556}") = "Llama.Parser.Framework", "Llama.parser.framework\Llama.Parser.Framework.csproj", "{C7B2DEB8-3169-49BD-A506-A5001B731857}"
EndProject
Project("{9A19103F-16F7-4668-BE54-9A1E7A4F7556}") = "Llama.Parser", "Llama.parser\Llama.Parser.csproj", "{F3203166-973A-4AEF-863F-6F0AE0EBFB72}"
EndProject
Global
	GlobalSection(SolutionConfigurationPlatforms) = preSolution
		Debug|Any CPU = Debug|Any CPU
		Release|Any CPU = Release|Any CPU
	EndGlobalSection
	GlobalSection(ProjectConfigurationPlatforms) = postSolution
		{BA07622B-82B3-4050-AF3B-EF852190EDE8}.Debug|Any CPU.ActiveCfg = Debug|Any CPU
		{BA07622B-82B3-4050-AF3B-EF852190EDE8}.Debug|Any CPU.Build.0 = Debug|Any CPU
		{BA07622B-82B3-4050-AF3B-EF852190EDE8}.Release|Any CPU.ActiveCfg = Release|Any CPU
		{BA07622B-82B3-4050-AF3B-EF852190EDE8}.Release|Any CPU.Build.0 = Release|Any CPU
		{33C77A4F-820A-4851-9910-41A7DD97169B}.Debug|Any CPU.ActiveCfg = Debug|Any CPU
		{33C77A4F-820A-4851-9910-41A7DD97169B}.Debug|Any CPU.Build.0 = Debug|Any CPU
		{33C77A4F-820A-4851-9910-41A7DD97169B}.Release|Any CPU.ActiveCfg = Release|Any CPU
		{33C77A4F-820A-4851-9910-41A7DD97169B}.Release|Any CPU.Build.0 = Release|Any CPU
		{C7B2DEB8-3169-49BD-A506-A5001B731857}.Debug|Any CPU.ActiveCfg = Debug|Any CPU
		{C7B2DEB8-3169-49BD-A506-A5001B731857}.Debug|Any CPU.Build.0 = Debug|Any CPU
		{C7B2DEB8-3169-49BD-A506-A5001B731857}.Release|Any CPU.ActiveCfg = Release|Any CPU
		{C7B2DEB8-3169-49BD-A506-A5001B731857}.Release|Any CPU.Build.0 = Release|Any CPU
		{F3203166-973A-4AEF-863F-6F0AE0EBFB72}.Debug|Any CPU.ActiveCfg = Debug|Any CPU
		{F3203166-973A-4AEF-863F-6F0AE0EBFB72}.Debug|Any CPU.Build.0 = Debug|Any CPU
		{F3203166-973A-4AEF-863F-6F0AE0EBFB72}.Release|Any CPU.ActiveCfg = Release|Any CPU
		{F3203166-973A-4AEF-863F-6F0AE0EBFB72}.Release|Any CPU.Build.0 = Release|Any CPU
	EndGlobalSection
	GlobalSection(SolutionProperties) = preSolution
		HideSolutionNode = FALSE
	EndGlobalSection
	GlobalSection(ExtensibilityGlobals) = postSolution
		SolutionGuid = {286F8A9C-A6B7-4258-856B-13239F3420A1}
	EndGlobalSection
EndGlobal
