
Microsoft Visual Studio Solution File, Format Version 12.00
# Visual Studio Version 16
VisualStudioVersion = 16.0.28803.352
MinimumVisualStudioVersion = 10.0.40219.1
Project("{9A19103F-16F7-4668-BE54-9A1E7A4F7556}") = "test", "test\test.csproj", "{33C77A4F-820A-4851-9910-41A7DD97169B}"
EndProject
Project("{9A19103F-16F7-4668-BE54-9A1E7A4F7556}") = "Llama.Parser.Abstractions", "Llama.parser.abstractions\Llama.Parser.Abstractions.csproj", "{C7B2DEB8-3169-49BD-A506-A5001B731857}"
EndProject
Project("{9A19103F-16F7-4668-BE54-9A1E7A4F7556}") = "Llama.Parser", "Llama.parser\Llama.Parser.csproj", "{F3203166-973A-4AEF-863F-6F0AE0EBFB72}"
EndProject
Project("{9A19103F-16F7-4668-BE54-9A1E7A4F7556}") = "Llama.Parser.Tests", "Llama.Parser.Tests\Llama.Parser.Tests.csproj", "{655B866D-B238-44EE-A31E-174990A87AEE}"
EndProject
Project("{9A19103F-16F7-4668-BE54-9A1E7A4F7556}") = "Llama.PE", "Llama.PE\Llama.PE.csproj", "{1326D3B0-EC93-4C8D-AC90-684335A655C2}"
EndProject
Project("{FAE04EC0-301F-11D3-BF4B-00C04F79EFBC}") = "Llama.PE.Tests", "Llama.PE.Tests\Llama.PE.Tests.csproj", "{FF18D8AF-30EC-4F75-A8DD-A3BF22CA7B2E}"
EndProject
Global
	GlobalSection(SolutionConfigurationPlatforms) = preSolution
		Debug|Any CPU = Debug|Any CPU
		Release|Any CPU = Release|Any CPU
	EndGlobalSection
	GlobalSection(ProjectConfigurationPlatforms) = postSolution
		{33C77A4F-820A-4851-9910-41A7DD97169B}.Debug|Any CPU.ActiveCfg = Debug|Any CPU
		{33C77A4F-820A-4851-9910-41A7DD97169B}.Debug|Any CPU.Build.0 = Debug|Any CPU
		{33C77A4F-820A-4851-9910-41A7DD97169B}.Release|Any CPU.ActiveCfg = Release|Any CPU
		{33C77A4F-820A-4851-9910-41A7DD97169B}.Release|Any CPU.Build.0 = Release|Any CPU
		{C7B2DEB8-3169-49BD-A506-A5001B731857}.Debug|Any CPU.ActiveCfg = Debug|Any CPU
		{C7B2DEB8-3169-49BD-A506-A5001B731857}.Debug|Any CPU.Build.0 = Debug|Any CPU
		{C7B2DEB8-3169-49BD-A506-A5001B731857}.Release|Any CPU.ActiveCfg = Release|Any CPU
		{C7B2DEB8-3169-49BD-A506-A5001B731857}.Release|Any CPU.Build.0 = Release|Any CPU
		{F3203166-973A-4AEF-863F-6F0AE0EBFB72}.Debug|Any CPU.ActiveCfg = Debug|Any CPU
		{F3203166-973A-4AEF-863F-6F0AE0EBFB72}.Debug|Any CPU.Build.0 = Debug|Any CPU
		{F3203166-973A-4AEF-863F-6F0AE0EBFB72}.Release|Any CPU.ActiveCfg = Release|Any CPU
		{F3203166-973A-4AEF-863F-6F0AE0EBFB72}.Release|Any CPU.Build.0 = Release|Any CPU
		{655B866D-B238-44EE-A31E-174990A87AEE}.Debug|Any CPU.ActiveCfg = Debug|Any CPU
		{655B866D-B238-44EE-A31E-174990A87AEE}.Debug|Any CPU.Build.0 = Debug|Any CPU
		{655B866D-B238-44EE-A31E-174990A87AEE}.Release|Any CPU.ActiveCfg = Release|Any CPU
		{655B866D-B238-44EE-A31E-174990A87AEE}.Release|Any CPU.Build.0 = Release|Any CPU
		{1326D3B0-EC93-4C8D-AC90-684335A655C2}.Debug|Any CPU.ActiveCfg = Debug|Any CPU
		{1326D3B0-EC93-4C8D-AC90-684335A655C2}.Debug|Any CPU.Build.0 = Debug|Any CPU
		{1326D3B0-EC93-4C8D-AC90-684335A655C2}.Release|Any CPU.ActiveCfg = Release|Any CPU
		{1326D3B0-EC93-4C8D-AC90-684335A655C2}.Release|Any CPU.Build.0 = Release|Any CPU
		{FF18D8AF-30EC-4F75-A8DD-A3BF22CA7B2E}.Debug|Any CPU.ActiveCfg = Debug|Any CPU
		{FF18D8AF-30EC-4F75-A8DD-A3BF22CA7B2E}.Debug|Any CPU.Build.0 = Debug|Any CPU
		{FF18D8AF-30EC-4F75-A8DD-A3BF22CA7B2E}.Release|Any CPU.ActiveCfg = Release|Any CPU
		{FF18D8AF-30EC-4F75-A8DD-A3BF22CA7B2E}.Release|Any CPU.Build.0 = Release|Any CPU
	EndGlobalSection
	GlobalSection(SolutionProperties) = preSolution
		HideSolutionNode = FALSE
	EndGlobalSection
	GlobalSection(ExtensibilityGlobals) = postSolution
		SolutionGuid = {286F8A9C-A6B7-4258-856B-13239F3420A1}
	EndGlobalSection
EndGlobal
